
Microsoft Visual Studio Solution File, Format Version 12.00
# Visual Studio Version 17
VisualStudioVersion = 17.2.32602.215
MinimumVisualStudioVersion = 10.0.40219.1
Project("{FAE04EC0-301F-11D3-BF4B-00C04F79EFBC}") = "DllTesting", "DllTesting\DllTesting.csproj", "{5B68ABF7-6EBD-4308-A924-8BFCB415B5CF}"
EndProject
Global
	GlobalSection(SolutionConfigurationPlatforms) = preSolution
		Debug|Any CPU = Debug|Any CPU
		Release|Any CPU = Release|Any CPU
	EndGlobalSection
	GlobalSection(ProjectConfigurationPlatforms) = postSolution
		{5B68ABF7-6EBD-4308-A924-8BFCB415B5CF}.Debug|Any CPU.ActiveCfg = Debug|Any CPU
		{5B68ABF7-6EBD-4308-A924-8BFCB415B5CF}.Debug|Any CPU.Build.0 = Debug|Any CPU
		{5B68ABF7-6EBD-4308-A924-8BFCB415B5CF}.Release|Any CPU.ActiveCfg = Release|Any CPU
		{5B68ABF7-6EBD-4308-A924-8BFCB415B5CF}.Release|Any CPU.Build.0 = Release|Any CPU
	EndGlobalSection
	GlobalSection(SolutionProperties) = preSolution
		HideSolutionNode = FALSE
	EndGlobalSection
	GlobalSection(ExtensibilityGlobals) = postSolution
		SolutionGuid = {4F67CAB8-0FD3-41B5-9549-AC7956733E34}
	EndGlobalSection
EndGlobal
